Microsoft Visual Studio Solution File, Format Version 12.00
# Visual Studio Version 17
VisualStudioVersion = 17.8.0.0
MinimumVisualStudioVersion = 17.8.0.0
Project("{9A19103F-16F7-4668-BE54-9A1E7A4F7556}") = "bulk-copy-service-aspire-9.0.AppHost", "bulk-copy-service-aspire-9.0.AppHost\bulk-copy-service-aspire-9.0.AppHost.csproj", "{74DD9E6C-07E3-49B9-837B-C7FEE889D5BC}"
EndProject
Project("{9A19103F-16F7-4668-BE54-9A1E7A4F7556}") = "bulk-copy-service-aspire-9.0.Server", "bulk-copy-service-aspire-9.0.Server\bulk-copy-service-aspire-9.0.Server.csproj", "{EAE53742-5019-41DB-846C-D3A65423734F}"
EndProject
Project("{54A90642-561A-4BB1-A94E-469ADEE60C69}") = "frontend", "frontend\frontend.esproj", "{385759A4-E9AE-4F6A-98B5-B9933B024447}"
EndProject

Global
	GlobalSection(SolutionConfigurationPlatforms) = preSolution
		Debug|Any CPU = Debug|Any CPU
		Release|Any CPU = Release|Any CPU
	EndGlobalSection
	GlobalSection(ProjectConfigurationPlatforms) = postSolution
		{74DD9E6C-07E3-49B9-837B-C7FEE889D5BC}.Debug|Any CPU.ActiveCfg = Debug|Any CPU
		{74DD9E6C-07E3-49B9-837B-C7FEE889D5BC}.Debug|Any CPU.Build.0 = Debug|Any CPU
		{74DD9E6C-07E3-49B9-837B-C7FEE889D5BC}.Release|Any CPU.ActiveCfg = Release|Any CPU
		{74DD9E6C-07E3-49B9-837B-C7FEE889D5BC}.Release|Any CPU.Build.0 = Release|Any CPU
		{EAE53742-5019-41DB-846C-D3A65423734F}.Debug|Any CPU.ActiveCfg = Debug|Any CPU
		{EAE53742-5019-41DB-846C-D3A65423734F}.Debug|Any CPU.Build.0 = Debug|Any CPU
		{EAE53742-5019-41DB-846C-D3A65423734F}.Release|Any CPU.ActiveCfg = Release|Any CPU
		{EAE53742-5019-41DB-846C-D3A65423734F}.Release|Any CPU.Build.0 = Release|Any CPU
		{385759A4-E9AE-4F6A-98B5-B9933B024447}.Debug|Any CPU.ActiveCfg = Debug|Any CPU
		{385759A4-E9AE-4F6A-98B5-B9933B024447}.Debug|Any CPU.Build.0 = Debug|Any CPU
		{385759A4-E9AE-4F6A-98B5-B9933B024447}.Release|Any CPU.ActiveCfg = Release|Any CPU
		{385759A4-E9AE-4F6A-98B5-B9933B024447}.Release|Any CPU.Build.0 = Release|Any CPU

	EndGlobalSection
	GlobalSection(SolutionProperties) = preSolution
		HideSolutionNode = FALSE
	EndGlobalSection
	GlobalSection(ExtensibilityGlobals) = postSolution
		SolutionGuid = {CCD03CE5-C163-4FAE-A554-28FDA302187E}
	EndGlobalSection
EndGlobal
